version = 1

[[modules]]
  name = "data.go.ast.kinds"
  source = "builtin/opa/lib/go/ast/kinds.rego"
  checksum = "a7085971403bd25f53618c0082b19fa3"
  dependencies = ["data.go.ast.tokens"]

[[modules]]
  name = "data.go.ast.tokens"
  source = "builtin/opa/lib/go/ast/tokens.rego"
  checksum = "bab77683b9af5db3f409e361580ee04a"
  dependencies = []

[[modules]]
  name = "data.go.ast.types"
  source = "builtin/opa/lib/go/ast/types.rego"
  checksum = "77360cfbe92ab46a5fb1689d41d81542"
  dependencies = []
